
Microsoft Visual Studio Solution File, Format Version 12.00
# Visual Studio 15
VisualStudioVersion = 15.0.28307.168
MinimumVisualStudioVersion = 10.0.40219.1
Project("{2150E333-8FDC-42A3-9474-1A3956D46DE8}") = "src", "src", "{C4A172C1-204E-4B1A-9866-88F66D58405F}"
EndProject
Project("{9A19103F-16F7-4668-BE54-9A1E7A4F7556}") = "FixedMath", "src\FixedMath\FixedMath.csproj", "{37A7A2DA-923F-402F-994D-F5F094C51A10}"
EndProject
Project("{2150E333-8FDC-42A3-9474-1A3956D46DE8}") = "tests", "tests", "{E365A75A-2083-4766-B176-B1ACB6E0B919}"
EndProject
Project("{9A19103F-16F7-4668-BE54-9A1E7A4F7556}") = "FixedMath.Tests", "tests\FixedMath.Tests\FixedMath.Tests.csproj", "{82250AF8-4E81-4B95-9724-2F1B488518F3}"
EndProject
Project("{9A19103F-16F7-4668-BE54-9A1E7A4F7556}") = "FixedMath.Numerics", "src\FixedMath.Numerics\FixedMath.Numerics.csproj", "{AB9ED746-2659-4AED-9C13-D7F7748EA91C}"
EndProject
Project("{9A19103F-16F7-4668-BE54-9A1E7A4F7556}") = "FixedMath.Numerics.Vectors.PerformanceTests", "tests\FixedMath.Numerics.Vectors.PerformanceTests\FixedMath.Numerics.Vectors.PerformanceTests.csproj", "{7F995D7B-AE12-4A09-8E63-CB413A46EAD8}"
EndProject
Project("{9A19103F-16F7-4668-BE54-9A1E7A4F7556}") = "FixedMath.Numerics.Vectors.Tests", "tests\FixedMath.Numerics.Vectors.Tests\FixedMath.Numerics.Vectors.Tests.csproj", "{AD95CF8E-C07B-4935-8C6E-98A3DEE321A3}"
EndProject
Project("{9A19103F-16F7-4668-BE54-9A1E7A4F7556}") = "ConsoleApp1", "tests\ConsoleApp1\ConsoleApp1.csproj", "{DEEBDD5F-A2AB-4BED-85EA-E869964C00EF}"
EndProject
Global
	GlobalSection(SolutionConfigurationPlatforms) = preSolution
		Debug|Any CPU = Debug|Any CPU
		Release|Any CPU = Release|Any CPU
	EndGlobalSection
	GlobalSection(ProjectConfigurationPlatforms) = postSolution
		{37A7A2DA-923F-402F-994D-F5F094C51A10}.Debug|Any CPU.ActiveCfg = Debug|Any CPU
		{37A7A2DA-923F-402F-994D-F5F094C51A10}.Debug|Any CPU.Build.0 = Debug|Any CPU
		{37A7A2DA-923F-402F-994D-F5F094C51A10}.Release|Any CPU.ActiveCfg = Release|Any CPU
		{37A7A2DA-923F-402F-994D-F5F094C51A10}.Release|Any CPU.Build.0 = Release|Any CPU
		{82250AF8-4E81-4B95-9724-2F1B488518F3}.Debug|Any CPU.ActiveCfg = Debug|Any CPU
		{82250AF8-4E81-4B95-9724-2F1B488518F3}.Debug|Any CPU.Build.0 = Debug|Any CPU
		{82250AF8-4E81-4B95-9724-2F1B488518F3}.Release|Any CPU.ActiveCfg = Release|Any CPU
		{82250AF8-4E81-4B95-9724-2F1B488518F3}.Release|Any CPU.Build.0 = Release|Any CPU
		{AB9ED746-2659-4AED-9C13-D7F7748EA91C}.Debug|Any CPU.ActiveCfg = Debug|Any CPU
		{AB9ED746-2659-4AED-9C13-D7F7748EA91C}.Debug|Any CPU.Build.0 = Debug|Any CPU
		{AB9ED746-2659-4AED-9C13-D7F7748EA91C}.Release|Any CPU.ActiveCfg = Release|Any CPU
		{AB9ED746-2659-4AED-9C13-D7F7748EA91C}.Release|Any CPU.Build.0 = Release|Any CPU
		{7F995D7B-AE12-4A09-8E63-CB413A46EAD8}.Debug|Any CPU.ActiveCfg = Debug|Any CPU
		{7F995D7B-AE12-4A09-8E63-CB413A46EAD8}.Debug|Any CPU.Build.0 = Debug|Any CPU
		{7F995D7B-AE12-4A09-8E63-CB413A46EAD8}.Release|Any CPU.ActiveCfg = Release|Any CPU
		{7F995D7B-AE12-4A09-8E63-CB413A46EAD8}.Release|Any CPU.Build.0 = Release|Any CPU
		{AD95CF8E-C07B-4935-8C6E-98A3DEE321A3}.Debug|Any CPU.ActiveCfg = Debug|Any CPU
		{AD95CF8E-C07B-4935-8C6E-98A3DEE321A3}.Debug|Any CPU.Build.0 = Debug|Any CPU
		{AD95CF8E-C07B-4935-8C6E-98A3DEE321A3}.Release|Any CPU.ActiveCfg = Release|Any CPU
		{AD95CF8E-C07B-4935-8C6E-98A3DEE321A3}.Release|Any CPU.Build.0 = Release|Any CPU
		{DEEBDD5F-A2AB-4BED-85EA-E869964C00EF}.Debug|Any CPU.ActiveCfg = Debug|Any CPU
		{DEEBDD5F-A2AB-4BED-85EA-E869964C00EF}.Debug|Any CPU.Build.0 = Debug|Any CPU
		{DEEBDD5F-A2AB-4BED-85EA-E869964C00EF}.Release|Any CPU.ActiveCfg = Release|Any CPU
		{DEEBDD5F-A2AB-4BED-85EA-E869964C00EF}.Release|Any CPU.Build.0 = Release|Any CPU
	EndGlobalSection
	GlobalSection(SolutionProperties) = preSolution
		HideSolutionNode = FALSE
	EndGlobalSection
	GlobalSection(NestedProjects) = preSolution
		{37A7A2DA-923F-402F-994D-F5F094C51A10} = {C4A172C1-204E-4B1A-9866-88F66D58405F}
		{82250AF8-4E81-4B95-9724-2F1B488518F3} = {E365A75A-2083-4766-B176-B1ACB6E0B919}
		{AB9ED746-2659-4AED-9C13-D7F7748EA91C} = {C4A172C1-204E-4B1A-9866-88F66D58405F}
		{7F995D7B-AE12-4A09-8E63-CB413A46EAD8} = {E365A75A-2083-4766-B176-B1ACB6E0B919}
		{AD95CF8E-C07B-4935-8C6E-98A3DEE321A3} = {E365A75A-2083-4766-B176-B1ACB6E0B919}
		{DEEBDD5F-A2AB-4BED-85EA-E869964C00EF} = {E365A75A-2083-4766-B176-B1ACB6E0B919}
	EndGlobalSection
	GlobalSection(ExtensibilityGlobals) = postSolution
		SolutionGuid = {C5B9CE62-FFD0-4DAF-8ACC-ADB49C1A3147}
	EndGlobalSection
EndGlobal
